// !$*UTF8*$!
{
	archiveVersion = 1;
	classes = {
	};
	objectVersion = 46;
	objects = {

/* Begin PBXBuildFile section */
		43F029741E318AAA004BB034 /* AppDelegate.swift in Sources */ = {isa = PBXBuildFile; fileRef = 43F029731E318AAA004BB034 /* AppDelegate.swift */; };
		43F029761E318AAA004BB034 /* ViewController.swift in Sources */ = {isa = PBXBuildFile; fileRef = 43F029751E318AAA004BB034 /* ViewController.swift */; };
		43F029791E318AAA004BB034 /* Main.storyboard in Resources */ = {isa = PBXBuildFile; fileRef = 43F029771E318AAA004BB034 /* Main.storyboard */; };
		43F0297B1E318AAA004BB034 /* Assets.xcassets in Resources */ = {isa = PBXBuildFile; fileRef = 43F0297A1E318AAA004BB034 /* Assets.xcassets */; };
		43F0297E1E318AAA004BB034 /* LaunchScreen.storyboard in Resources */ = {isa = PBXBuildFile; fileRef = 43F0297C1E318AAA004BB034 /* LaunchScreen.storyboard */; };
/* End PBXBuildFile section */

/* Begin PBXFileReference section */
		43F029701E318AAA004BB034 /* Aula_004_GestosInterface.app */ = {isa = PBXFileReference; explicitFileType = wrapper.application; includeInIndex = 0; path = Aula_004_GestosInterface.app; sourceTree = BUILT_PRODUCTS_DIR; };
		43F029731E318AAA004BB034 /* AppDelegate.swift */ = {isa = PBXFileReference; lastKnownFileType = sourcecode.swift; path = AppDelegate.swift; sourceTree = "<group>"; };
		43F029751E318AAA004BB034 /* ViewController.swift */ = {isa = PBXFileReference; lastKnownFileType = sourcecode.swift; path = ViewController.swift; sourceTree = "<group>"; };
		43F029781E318AAA004BB034 /* Base */ = {isa = PBXFileReference; lastKnownFileType = file.storyboard; name = Base; path = Base.lproj/Main.storyboard; sourceTree = "<group>"; };
		43F0297A1E318AAA004BB034 /* Assets.xcassets */ = {isa = PBXFileReference; lastKnownFileType = folder.assetcatalog; path = Assets.xcassets; sourceTree = "<group>"; };
		43F0297D1E318AAA004BB034 /* Base */ = {isa = PBXFileReference; lastKnownFileType = file.storyboard; name = Base; path = Base.lproj/LaunchScreen.storyboard; sourceTree = "<group>"; };
		43F0297F1E318AAA004BB034 /* Info.plist */ = {isa = PBXFileReference; lastKnownFileType = text.plist.xml; path = Info.plist; sourceTree = "<group>"; };
/* End PBXFileReference section */

/* Begin PBXFrameworksBuildPhase section */
		43F0296D1E318AAA004BB034 /* Frameworks */ = {
			isa = PBXFrameworksBuildPhase;
			buildActionMask = 2147483647;
			files = (
			);
			runOnlyForDeploymentPostprocessing = 0;
		};
/* End PBXFrameworksBuildPhase section */

/* Begin PBXGroup section */
		43F029671E318AAA004BB034 = {
			isa = PBXGroup;
			children = (
				43F029721E318AAA004BB034 /* Aula_004_GestosInterface */,
				43F029711E318AAA004BB034 /* Products */,
			);
			sourceTree = "<group>";
		};
		43F029711E318AAA004BB034 /* Products */ = {
			isa = PBXGroup;
			children = (
				43F029701E318AAA004BB034 /* Aula_004_GestosInterface.app */,
			);
			name = Products;
			sourceTree = "<group>";
		};
		43F029721E318AAA004BB034 /* Aula_004_GestosInterface */ = {
			isa = PBXGroup;
			children = (
				43F029731E318AAA004BB034 /* AppDelegate.swift */,
				43F029751E318AAA004BB034 /* ViewController.swift */,
				43F029771E318AAA004BB034 /* Main.storyboard */,
				43F0297A1E318AAA004BB034 /* Assets.xcassets */,
				43F0297C1E318AAA004BB034 /* LaunchScreen.storyboard */,
				43F0297F1E318AAA004BB034 /* Info.plist */,
			);
			path = Aula_004_GestosInterface;
			sourceTree = "<group>";
		};
/* End PBXGroup section */

/* Begin PBXNativeTarget section */
		43F0296F1E318AAA004BB034 /* Aula_004_GestosInterface */ = {
			isa = PBXNativeTarget;
			buildConfigurationList = 43F029821E318AAA004BB034 /* Build configuration list for PBXNativeTarget "Aula_004_GestosInterface" */;
			buildPhases = (
				43F0296C1E318AAA004BB034 /* Sources */,
				43F0296D1E318AAA004BB034 /* Frameworks */,
				43F0296E1E318AAA004BB034 /* Resources */,
			);
			buildRules = (
			);
			dependencies = (
			);
			name = Aula_004_GestosInterface;
			productName = Aula_004_GestosInterface;
			productReference = 43F029701E318AAA004BB034 /* Aula_004_GestosInterface.app */;
			productType = "com.apple.product-type.application";
		};
/* End PBXNativeTarget section */

/* Begin PBXProject section */
		43F029681E318AAA004BB034 /* Project object */ = {
			isa = PBXProject;
			attributes = {
				LastSwiftUpdateCheck = 0800;
				LastUpgradeCheck = 0800;
				ORGANIZATIONNAME = Swift;
				TargetAttributes = {
					43F0296F1E318AAA004BB034 = {
						CreatedOnToolsVersion = 8.0;
						DevelopmentTeam = 3XU35YZPYQ;
						ProvisioningStyle = Automatic;
					};
				};
			};
			buildConfigurationList = 43F0296B1E318AAA004BB034 /* Build configuration list for PBXProject "Aula_004_GestosInterface" */;
			compatibilityVersion = "Xcode 3.2";
			developmentRegion = English;
			hasScannedForEncodings = 0;
			knownRegions = (
				en,
				Base,
			);
			mainGroup = 43F029671E318AAA004BB034;
			productRefGroup = 43F029711E318AAA004BB034 /* Products */;
			projectDirPath = "";
			projectRoot = "";
			targets = (
				43F0296F1E318AAA004BB034 /* Aula_004_GestosInterface */,
			);
		};
/* End PBXProject section */

/* Begin PBXResourcesBuildPhase section */
		43F0296E1E318AAA004BB034 /* Resources */ = {
			isa = PBXResourcesBuildPhase;
			buildActionMask = 2147483647;
			files = (
				43F0297E1E318AAA004BB034 /* LaunchScreen.storyboard in Resources */,
				43F0297B1E318AAA004BB034 /* Assets.xcassets in Resources */,
				43F029791E318AAA004BB034 /* Main.storyboard in Resources */,
			);
			runOnlyForDeploymentPostprocessing = 0;
		};
/* End PBXResourcesBuildPhase section */

/* Begin PBXSourcesBuildPhase section */
		43F0296C1E318AAA004BB034 /* Sources */ = {
			isa = PBXSourcesBuildPhase;
			buildActionMask = 2147483647;
			files = (
				43F029761E318AAA004BB034 /* ViewController.swift in Sources */,
				43F029741E318AAA004BB034 /* AppDelegate.swift in Sources */,
			);
			runOnlyForDeploymentPostprocessing = 0;
		};
/* End PBXSourcesBuildPhase section */

/* Begin PBXVariantGroup section */
		43F029771E318AAA004BB034 /* Main.storyboard */ = {
			isa = PBXVariantGroup;
			children = (
				43F029781E318AAA004BB034 /* Base */,
			);
			name = Main.storyboard;
			sourceTree = "<group>";
		};
		43F0297C1E318AAA004BB034 /* LaunchScreen.storyboard */ = {
			isa = PBXVariantGroup;
			children = (
				43F0297D1E318AAA004BB034 /* Base */,
			);
			name = LaunchScreen.storyboard;
			sourceTree = "<group>";
		};
/* End PBXVariantGroup section */

/* Begin XCBuildConfiguration section */
		43F029801E318AAA004BB034 /* Debug */ = {
			isa = XCBuildConfiguration;
			buildSettings = {
				ALWAYS_SEARCH_USER_PATHS = NO;
				CLANG_ANALYZER_NONNULL = YES;
				CLANG_CXX_LANGUAGE_STANDARD = "gnu++0x";
				CLANG_CXX_LIBRARY = "libc++";
				CLANG_ENABLE_MODULES = YES;
				CLANG_ENABLE_OBJC_ARC = YES;
				CLANG_WARN_BOOL_CONVERSION = YES;
				CLANG_WARN_CONSTANT_CONVERSION = YES;
				CLANG_WARN_DIRECT_OBJC_ISA_USAGE = YES_ERROR;
				CLANG_WARN_DOCUMENTATION_COMMENTS = YES;
				CLANG_WARN_EMPTY_BODY = YES;
				CLANG_WARN_ENUM_CONVERSION = YES;
				CLANG_WARN_INFINITE_RECURSION = YES;
				CLANG_WARN_INT_CONVERSION = YES;
				CLANG_WARN_OBJC_ROOT_CLASS = YES_ERROR;
				CLANG_WARN_SUSPICIOUS_MOVES = YES;
				CLANG_WARN_UNREACHABLE_CODE = YES;
				CLANG_WARN__DUPLICATE_METHOD_MATCH = YES;
				"CODE_SIGN_IDENTITY[sdk=iphoneos*]" = "iPhone Developer";
				COPY_PHASE_STRIP = NO;
				DEBUG_INFORMATION_FORMAT = dwarf;
				ENABLE_STRICT_OBJC_MSGSEND = YES;
				ENABLE_TESTABILITY = YES;
				GCC_C_LANGUAGE_STANDARD = gnu99;
				GCC_DYNAMIC_NO_PIC = NO;
				GCC_NO_COMMON_BLOCKS = YES;
				GCC_OPTIMIZATION_LEVEL = 0;
				GCC_PREPROCESSOR_DEFINITIONS = (
					"DEBUG=1",
					"$(inherited)",
				);
				GCC_WARN_64_TO_32_BIT_CONVERSION = YES;
				GCC_WARN_ABOUT_RETURN_TYPE = YES_ERROR;
				GCC_WARN_UNDECLARED_SELECTOR = YES;
				GCC_WARN_UNINITIALIZED_AUTOS = YES_AGGRESSIVE;
				GCC_WARN_UNUSED_FUNCTION = YES;
				GCC_WARN_UNUSED_VARIABLE = YES;
				IPHONEOS_DEPLOYMENT_TARGET = 10.0;
				MTL_ENABLE_DEBUG_INFO = YES;
				ONLY_ACTIVE_ARCH = YES;
				SDKROOT = iphoneos;
				SWIFT_ACTIVE_COMPILATION_CONDITIONS = DEBUG;
				SWIFT_OPTIMIZATION_LEVEL = "-Onone";
				TARGETED_DEVICE_FAMILY = "1,2";
			};
			name = Debug;
		};
		43F029811E318AAA004BB034 /* Release */ = {
			isa = XCBuildConfiguration;
			buildSettings = {
				ALWAYS_SEARCH_USER_PATHS = NO;
				CLANG_ANALYZER_NONNULL = YES;
				CLANG_CXX_LANGUAGE_STANDARD = "gnu++0x";
				CLANG_CXX_LIBRARY = "libc++";
				CLANG_ENABLE_MODULES = YES;
				CLANG_ENABLE_OBJC_ARC = YES;
				CLANG_WARN_BOOL_CONVERSION = YES;
				CLANG_WARN_CONSTANT_CONVERSION = YES;
				CLANG_WARN_DIRECT_OBJC_ISA_USAGE = YES_ERROR;
				CLANG_WARN_DOCUMENTATION_COMMENTS = YES;
				CLANG_WARN_EMPTY_BODY = YES;
				CLANG_WARN_ENUM_CONVERSION = YES;
				CLANG_WARN_INFINITE_RECURSION = YES;
				CLANG_WARN_INT_CONVERSION = YES;
				CLANG_WARN_OBJC_ROOT_CLASS = YES_ERROR;
				CLANG_WARN_SUSPICIOUS_MOVES = YES;
				CLANG_WARN_UNREACHABLE_CODE = YES;
				CLANG_WARN__DUPLICATE_METHOD_MATCH = YES;
				"CODE_SIGN_IDENTITY[sdk=iphoneos*]" = "iPhone Developer";
				COPY_PHASE_STRIP = NO;
				DEBUG_INFORMATION_FORMAT = "dwarf-with-dsym";
				ENABLE_NS_ASSERTIONS = NO;
				ENABLE_STRICT_OBJC_MSGSEND = YES;
				GCC_C_LANGUAGE_STANDARD = gnu99;
				GCC_NO_COMMON_BLOCKS = YES;
				GCC_WARN_64_TO_32_BIT_CONVERSION = YES;
				GCC_WARN_ABOUT_RETURN_TYPE = YES_ERROR;
				GCC_WARN_UNDECLARED_SELECTOR = YES;
				GCC_WARN_UNINITIALIZED_AUTOS = YES_AGGRESSIVE;
				GCC_WARN_UNUSED_FUNCTION = YES;
				GCC_WARN_UNUSED_VARIABLE = YES;
				IPHONEOS_DEPLOYMENT_TARGET = 10.0;
				MTL_ENABLE_DEBUG_INFO = NO;
				SDKROOT = iphoneos;
				SWIFT_OPTIMIZATION_LEVEL = "-Owholemodule";
				TARGETED_DEVICE_FAMILY = "1,2";
				VALIDATE_PRODUCT = YES;
			};
			name = Release;
		};
		43F029831E318AAA004BB034 /* Debug */ = {
			isa = XCBuildConfiguration;
			buildSettings = {
				ASSETCATALOG_COMPILER_APPICON_NAME = AppIcon;
				DEVELOPMENT_TEAM = 3XU35YZPYQ;
				INFOPLIST_FILE = Aula_004_GestosInterface/Info.plist;
				LD_RUNPATH_SEARCH_PATHS = "$(inherited) @executable_path/Frameworks";
				PRODUCT_BUNDLE_IDENTIFIER = "br.quaddro.com.Aula-004-GestosInterface";
				PRODUCT_NAME = "$(TARGET_NAME)";
				SWIFT_VERSION = 3.0;
			};
			name = Debug;
		};
		43F029841E318AAA004BB034 /* Release */ = {
			isa = XCBuildConfiguration;
			buildSettings = {
				ASSETCATALOG_COMPILER_APPICON_NAME = AppIcon;
				DEVELOPMENT_TEAM = 3XU35YZPYQ;
				INFOPLIST_FILE = Aula_004_GestosInterface/Info.plist;
				LD_RUNPATH_SEARCH_PATHS = "$(inherited) @executable_path/Frameworks";
				PRODUCT_BUNDLE_IDENTIFIER = "br.quaddro.com.Aula-004-GestosInterface";
				PRODUCT_NAME = "$(TARGET_NAME)";
				SWIFT_VERSION = 3.0;
			};
			name = Release;
		};
/* End XCBuildConfiguration section */

/* Begin XCConfigurationList section */
		43F0296B1E318AAA004BB034 /* Build configuration list for PBXProject "Aula_004_GestosInterface" */ = {
			isa = XCConfigurationList;
			buildConfigurations = (
				43F029801E318AAA004BB034 /* Debug */,
				43F029811E318AAA004BB034 /* Release */,
			);
			defaultConfigurationIsVisible = 0;
			defaultConfigurationName = Release;
		};
		43F029821E318AAA004BB034 /* Build configuration list for PBXNativeTarget "Aula_004_GestosInterface" */ = {
			isa = XCConfigurationList;
			buildConfigurations = (
				43F029831E318AAA004BB034 /* Debug */,
				43F029841E318AAA004BB034 /* Release */,
			);
			defaultConfigurationIsVisible = 0;
		};
/* End XCConfigurationList section */
	};
	rootObject = 43F029681E318AAA004BB034 /* Project object */;
}
